{
  "nodes": {
    "flake-parts": {
      "inputs": {
        "nixpkgs-lib": [
          "nur",
          "nixpkgs"
        ]
      },
      "locked": {
        "lastModified": 1733312601,
        "narHash": "sha256-4pDvzqnegAfRkPwO3wmwBhVi/Sye1mzps0zHWYnP88c=",
        "owner": "hercules-ci",
        "repo": "flake-parts",
        "rev": "205b12d8b7cd4802fbcb8e8ef6a0f1408781a4f9",
        "type": "github"
      },
      "original": {
        "owner": "hercules-ci",
        "repo": "flake-parts",
        "type": "github"
      }
    },
    "nixpkgs": {
      "locked": {
        "lastModified": 1743827369,
        "narHash": "sha256-rpqepOZ8Eo1zg+KJeWoq1HAOgoMCDloqv5r2EAa9TSA=",
        "owner": "NixOS",
        "repo": "nixpkgs",
        "rev": "42a1c966be226125b48c384171c44c651c236c22",
        "type": "github"
      },
      "original": {
        "owner": "NixOS",
        "ref": "nixos-unstable",
        "repo": "nixpkgs",
        "type": "github"
      }
    },
    "nixpkgs-pinned": {
      "locked": {
        "lastModified": 1743827369,
        "narHash": "sha256-rpqepOZ8Eo1zg+KJeWoq1HAOgoMCDloqv5r2EAa9TSA=",
        "owner": "NixOS",
        "repo": "nixpkgs",
        "rev": "42a1c966be226125b48c384171c44c651c236c22",
        "type": "github"
      },
      "original": {
        "owner": "NixOS",
        "ref": "nixos-unstable",
        "repo": "nixpkgs",
        "type": "github"
      }
    },
    "nur": {
      "inputs": {
        "flake-parts": "flake-parts",
        "nixpkgs": [
          "nixpkgs"
        ],
        "treefmt-nix": "treefmt-nix"
      },
      "locked": {
        "lastModified": 1736520169,
        "narHash": "sha256-TdqcRK84TiM8HteCiS77cmMX7RSvXuWI0XtxnUTbQuM=",
        "owner": "nix-community",
        "repo": "NUR",
        "rev": "84b1303f7a2e21dddcb55a0a112a68803f88ff27",
        "type": "github"
      },
      "original": {
        "owner": "nix-community",
        "repo": "NUR",
        "type": "github"
      }
    },
    "pr-dashboard": {
      "inputs": {
        "nixpkgs": [
          "nixpkgs-pinned"
        ]
      },
      "locked": {
        "lastModified": 1743949640,
        "narHash": "sha256-RrZFs6KSQ8klhH3KYaflfnVbkzcvaa+7spWlW+dOmZw=",
        "owner": "FliegendeWurst",
        "repo": "pr-dashboard",
        "rev": "99ff6d8f946ad352ffeb9af3a8173d54d035d057",
        "type": "github"
      },
      "original": {
        "owner": "FliegendeWurst",
        "repo": "pr-dashboard",
        "type": "github"
      }
    },
    "reddit-image-grid": {
      "inputs": {
        "nixpkgs": [
          "nixpkgs-pinned"
        ]
      },
      "locked": {
        "lastModified": 1743972242,
        "narHash": "sha256-UTMG26+3xnPvi85YrY+r05osgPwWQgbfTdu04bydjdM=",
        "owner": "FliegendeWurst",
        "repo": "reddit-image-grid",
        "rev": "0e509cd2b74464b5ce20ea87172fb01c0d394972",
        "type": "github"
      },
      "original": {
        "owner": "FliegendeWurst",
        "repo": "reddit-image-grid",
        "type": "github"
      }
    },
    "root": {
      "inputs": {
        "nixpkgs": "nixpkgs",
        "nixpkgs-pinned": "nixpkgs-pinned",
        "nur": "nur",
        "pr-dashboard": "pr-dashboard",
        "reddit-image-grid": "reddit-image-grid",
        "wastebin": "wastebin"
      }
    },
    "treefmt-nix": {
      "inputs": {
        "nixpkgs": [
          "nur",
          "nixpkgs"
        ]
      },
      "locked": {
        "lastModified": 1733222881,
        "narHash": "sha256-JIPcz1PrpXUCbaccEnrcUS8jjEb/1vJbZz5KkobyFdM=",
        "owner": "numtide",
        "repo": "treefmt-nix",
        "rev": "49717b5af6f80172275d47a418c9719a31a78b53",
        "type": "github"
      },
      "original": {
        "owner": "numtide",
        "repo": "treefmt-nix",
        "type": "github"
      }
    },
    "wastebin": {
      "inputs": {
        "nixpkgs": [
          "nixpkgs-pinned"
        ]
      },
      "locked": {
        "lastModified": 1743949669,
        "narHash": "sha256-8sSUcrMl+q9GQl03+GxOxYd/CqJOTHhDMri5YTOlCzc=",
        "owner": "FliegendeWurst",
        "repo": "wastebin",
        "rev": "96ce43e75432d93ef730bd85295f1cc338dfb779",
        "type": "github"
      },
      "original": {
        "owner": "FliegendeWurst",
        "ref": "wip",
        "repo": "wastebin",
        "type": "github"
      }
    }
  },
  "root": "root",
  "version": 7
}
