{
  "nodes": {
    "nixpkgs": {
      "locked": {
        "lastModified": 1729950582,
        "narHash": "sha256-BnALwhT/4tj7Xj6eAKLqSBJIGJ5W4JYXx5VyvorCwTA=",
        "owner": "FliegendeWurst",
        "repo": "nixpkgs",
        "rev": "9866e71fa2e18b2bab92efda2aa7b36af5b56cd5",
        "type": "github"
      },
      "original": {
        "owner": "FliegendeWurst",
        "ref": "nixos-24.05-patched",
        "repo": "nixpkgs",
        "type": "github"
      }
    },
    "nur": {
      "locked": {
        "lastModified": 1729950315,
        "narHash": "sha256-5xlpxa/CttE6N0LazWxQXctuHzxZw9eHGqcrhZ0G/pY=",
        "owner": "nix-community",
        "repo": "NUR",
        "rev": "0d37ff15f5778148d47ce303e682ecf02e9acb2b",
        "type": "github"
      },
      "original": {
        "owner": "nix-community",
        "repo": "NUR",
        "type": "github"
      }
    },
    "root": {
      "inputs": {
        "nixpkgs": "nixpkgs",
        "nur": "nur"
      }
    }
  },
  "root": "root",
  "version": 7
}
