{
  "nodes": {
    "nixpkgs": {
      "locked": {
        "lastModified": 1707923489,
        "narHash": "sha256-8SMWuJaCCkFADe8UhBHxpVqz3EHfTnj52APRo8u5Kmo=",
        "owner": "FliegendeWurst",
        "repo": "nixpkgs",
        "rev": "3d5b37bbcb7b535e5e75bd9b8206d64e49685487",
        "type": "github"
      },
      "original": {
        "owner": "FliegendeWurst",
        "ref": "nixos-23.11-patched",
        "repo": "nixpkgs",
        "type": "github"
      }
    },
    "nur": {
      "locked": {
        "lastModified": 1707920456,
        "narHash": "sha256-KMp+LZ3Wc4pWvhdPRaxzdiaWRirGBlx/VFh4FSPhIms=",
        "owner": "nix-community",
        "repo": "NUR",
        "rev": "e8622366c2f04b2c09f00dd781188075ada2cb33",
        "type": "github"
      },
      "original": {
        "owner": "nix-community",
        "repo": "NUR",
        "type": "github"
      }
    },
    "root": {
      "inputs": {
        "nixpkgs": "nixpkgs",
        "nur": "nur"
      }
    }
  },
  "root": "root",
  "version": 7
}
